
Microsoft Visual Studio Solution File, Format Version 12.00
# Visual Studio 14
VisualStudioVersion = 14.0.25420.1
MinimumVisualStudioVersion = 10.0.40219.1
Project("{FAE04EC0-301F-11D3-BF4B-00C04F79EFBC}") = "Thing1", "Thing1\Thing1.csproj", "{65EC075A-E717-46D8-9120-B61E3778CBEB}"
EndProject
Project("{FAE04EC0-301F-11D3-BF4B-00C04F79EFBC}") = "Thing2", "Thing2\Thing2.csproj", "{70503041-F46D-42A0-B996-7D57A9385943}"
EndProject
Project("{FAE04EC0-301F-11D3-BF4B-00C04F79EFBC}") = "Forms", "Forms\Forms.csproj", "{DCA3F74F-91BE-4201-AE10-3A6F13A9EAC8}"
EndProject
Project("{FAE04EC0-301F-11D3-BF4B-00C04F79EFBC}") = "ShiminyFormDemo", "ShiminyFormDemo\ShiminyFormDemo.csproj", "{29BCB129-9853-4088-A1C2-2B8F44F1EB30}"
EndProject
Project("{FAE04EC0-301F-11D3-BF4B-00C04F79EFBC}") = "Shiminy", "..\..\Shiminy.csproj", "{1F1228B3-286B-4E3C-8A7F-B54B56D129AD}"
EndProject
Global
	GlobalSection(SolutionConfigurationPlatforms) = preSolution
		Debug|Any CPU = Debug|Any CPU
		Debug|x64 = Debug|x64
		Release|Any CPU = Release|Any CPU
		Release|x64 = Release|x64
	EndGlobalSection
	GlobalSection(ProjectConfigurationPlatforms) = postSolution
		{65EC075A-E717-46D8-9120-B61E3778CBEB}.Debug|Any CPU.ActiveCfg = Debug|Any CPU
		{65EC075A-E717-46D8-9120-B61E3778CBEB}.Debug|Any CPU.Build.0 = Debug|Any CPU
		{65EC075A-E717-46D8-9120-B61E3778CBEB}.Debug|x64.ActiveCfg = Debug|x64
		{65EC075A-E717-46D8-9120-B61E3778CBEB}.Debug|x64.Build.0 = Debug|x64
		{65EC075A-E717-46D8-9120-B61E3778CBEB}.Release|Any CPU.ActiveCfg = Release|Any CPU
		{65EC075A-E717-46D8-9120-B61E3778CBEB}.Release|Any CPU.Build.0 = Release|Any CPU
		{65EC075A-E717-46D8-9120-B61E3778CBEB}.Release|x64.ActiveCfg = Release|x64
		{65EC075A-E717-46D8-9120-B61E3778CBEB}.Release|x64.Build.0 = Release|x64
		{70503041-F46D-42A0-B996-7D57A9385943}.Debug|Any CPU.ActiveCfg = Debug|Any CPU
		{70503041-F46D-42A0-B996-7D57A9385943}.Debug|Any CPU.Build.0 = Debug|Any CPU
		{70503041-F46D-42A0-B996-7D57A9385943}.Debug|x64.ActiveCfg = Debug|x64
		{70503041-F46D-42A0-B996-7D57A9385943}.Debug|x64.Build.0 = Debug|x64
		{70503041-F46D-42A0-B996-7D57A9385943}.Release|Any CPU.ActiveCfg = Release|Any CPU
		{70503041-F46D-42A0-B996-7D57A9385943}.Release|Any CPU.Build.0 = Release|Any CPU
		{70503041-F46D-42A0-B996-7D57A9385943}.Release|x64.ActiveCfg = Release|x64
		{70503041-F46D-42A0-B996-7D57A9385943}.Release|x64.Build.0 = Release|x64
		{DCA3F74F-91BE-4201-AE10-3A6F13A9EAC8}.Debug|Any CPU.ActiveCfg = Debug|Any CPU
		{DCA3F74F-91BE-4201-AE10-3A6F13A9EAC8}.Debug|Any CPU.Build.0 = Debug|Any CPU
		{DCA3F74F-91BE-4201-AE10-3A6F13A9EAC8}.Debug|x64.ActiveCfg = Debug|x64
		{DCA3F74F-91BE-4201-AE10-3A6F13A9EAC8}.Debug|x64.Build.0 = Debug|x64
		{DCA3F74F-91BE-4201-AE10-3A6F13A9EAC8}.Release|Any CPU.ActiveCfg = Release|Any CPU
		{DCA3F74F-91BE-4201-AE10-3A6F13A9EAC8}.Release|Any CPU.Build.0 = Release|Any CPU
		{DCA3F74F-91BE-4201-AE10-3A6F13A9EAC8}.Release|x64.ActiveCfg = Release|x64
		{DCA3F74F-91BE-4201-AE10-3A6F13A9EAC8}.Release|x64.Build.0 = Release|x64
		{29BCB129-9853-4088-A1C2-2B8F44F1EB30}.Debug|Any CPU.ActiveCfg = Debug|Any CPU
		{29BCB129-9853-4088-A1C2-2B8F44F1EB30}.Debug|Any CPU.Build.0 = Debug|Any CPU
		{29BCB129-9853-4088-A1C2-2B8F44F1EB30}.Debug|x64.ActiveCfg = Debug|x64
		{29BCB129-9853-4088-A1C2-2B8F44F1EB30}.Debug|x64.Build.0 = Debug|x64
		{29BCB129-9853-4088-A1C2-2B8F44F1EB30}.Release|Any CPU.ActiveCfg = Release|Any CPU
		{29BCB129-9853-4088-A1C2-2B8F44F1EB30}.Release|Any CPU.Build.0 = Release|Any CPU
		{29BCB129-9853-4088-A1C2-2B8F44F1EB30}.Release|x64.ActiveCfg = Release|x64
		{29BCB129-9853-4088-A1C2-2B8F44F1EB30}.Release|x64.Build.0 = Release|x64
		{1F1228B3-286B-4E3C-8A7F-B54B56D129AD}.Debug|Any CPU.ActiveCfg = Debug|Any CPU
		{1F1228B3-286B-4E3C-8A7F-B54B56D129AD}.Debug|Any CPU.Build.0 = Debug|Any CPU
		{1F1228B3-286B-4E3C-8A7F-B54B56D129AD}.Debug|x64.ActiveCfg = Debug|x64
		{1F1228B3-286B-4E3C-8A7F-B54B56D129AD}.Debug|x64.Build.0 = Debug|x64
		{1F1228B3-286B-4E3C-8A7F-B54B56D129AD}.Release|Any CPU.ActiveCfg = Release|Any CPU
		{1F1228B3-286B-4E3C-8A7F-B54B56D129AD}.Release|Any CPU.Build.0 = Release|Any CPU
		{1F1228B3-286B-4E3C-8A7F-B54B56D129AD}.Release|x64.ActiveCfg = Release|x64
		{1F1228B3-286B-4E3C-8A7F-B54B56D129AD}.Release|x64.Build.0 = Release|x64
	EndGlobalSection
	GlobalSection(SolutionProperties) = preSolution
		HideSolutionNode = FALSE
	EndGlobalSection
EndGlobal
